// !$*UTF8*$!
{
	archiveVersion = 1;
	classes = {
	};
	objectVersion = 46;
	objects = {

/* Begin PBXBuildFile section */
		A96547F3198B40F300F1A1DD /* Foundation.framework in Frameworks */ = {isa = PBXBuildFile; fileRef = A96547F2198B40F300F1A1DD /* Foundation.framework */; };
		A96547F5198B40F300F1A1DD /* CoreGraphics.framework in Frameworks */ = {isa = PBXBuildFile; fileRef = A96547F4198B40F300F1A1DD /* CoreGraphics.framework */; };
		A96547F7198B40F300F1A1DD /* UIKit.framework in Frameworks */ = {isa = PBXBuildFile; fileRef = A96547F6198B40F300F1A1DD /* UIKit.framework */; };
		A96547FD198B40F300F1A1DD /* InfoPlist.strings in Resources */ = {isa = PBXBuildFile; fileRef = A96547FB198B40F300F1A1DD /* InfoPlist.strings */; };
		A96547FF198B40F300F1A1DD /* main.m in Sources */ = {isa = PBXBuildFile; fileRef = A96547FE198B40F300F1A1DD /* main.m */; };
		A9654803198B40F300F1A1DD /* AppDelegate.m in Sources */ = {isa = PBXBuildFile; fileRef = A9654802198B40F300F1A1DD /* AppDelegate.m */; };
		A9654805198B40F300F1A1DD /* Images.xcassets in Resources */ = {isa = PBXBuildFile; fileRef = A9654804198B40F300F1A1DD /* Images.xcassets */; };
/* End PBXBuildFile section */

/* Begin PBXFileReference section */
		A96547EF198B40F300F1A1DD /* XXX-Workshop.app */ = {isa = PBXFileReference; explicitFileType = wrapper.application; includeInIndex = 0; path = "XXX-Workshop.app"; sourceTree = BUILT_PRODUCTS_DIR; };
		A96547F2198B40F300F1A1DD /* Foundation.framework */ = {isa = PBXFileReference; lastKnownFileType = wrapper.framework; name = Foundation.framework; path = System/Library/Frameworks/Foundation.framework; sourceTree = SDKROOT; };
		A96547F4198B40F300F1A1DD /* CoreGraphics.framework */ = {isa = PBXFileReference; lastKnownFileType = wrapper.framework; name = CoreGraphics.framework; path = System/Library/Frameworks/CoreGraphics.framework; sourceTree = SDKROOT; };
		A96547F6198B40F300F1A1DD /* UIKit.framework */ = {isa = PBXFileReference; lastKnownFileType = wrapper.framework; name = UIKit.framework; path = System/Library/Frameworks/UIKit.framework; sourceTree = SDKROOT; };
		A96547FA198B40F300F1A1DD /* XXX-Workshop-Info.plist */ = {isa = PBXFileReference; lastKnownFileType = text.plist.xml; path = "XXX-Workshop-Info.plist"; sourceTree = "<group>"; };
		A96547FC198B40F300F1A1DD /* en */ = {isa = PBXFileReference; lastKnownFileType = text.plist.strings; name = en; path = en.lproj/InfoPlist.strings; sourceTree = "<group>"; };
		A96547FE198B40F300F1A1DD /* main.m */ = {isa = PBXFileReference; lastKnownFileType = sourcecode.c.objc; path = main.m; sourceTree = "<group>"; };
		A9654800198B40F300F1A1DD /* XXX-Workshop-Prefix.pch */ = {isa = PBXFileReference; lastKnownFileType = sourcecode.c.h; path = "XXX-Workshop-Prefix.pch"; sourceTree = "<group>"; };
		A9654801198B40F300F1A1DD /* AppDelegate.h */ = {isa = PBXFileReference; lastKnownFileType = sourcecode.c.h; path = AppDelegate.h; sourceTree = "<group>"; };
		A9654802198B40F300F1A1DD /* AppDelegate.m */ = {isa = PBXFileReference; lastKnownFileType = sourcecode.c.objc; path = AppDelegate.m; sourceTree = "<group>"; };
		A9654804198B40F300F1A1DD /* Images.xcassets */ = {isa = PBXFileReference; lastKnownFileType = folder.assetcatalog; path = Images.xcassets; sourceTree = "<group>"; };
		A965480B198B40F300F1A1DD /* XCTest.framework */ = {isa = PBXFileReference; lastKnownFileType = wrapper.framework; name = XCTest.framework; path = Library/Frameworks/XCTest.framework; sourceTree = DEVELOPER_DIR; };
/* End PBXFileReference section */

/* Begin PBXFrameworksBuildPhase section */
		A96547EC198B40F300F1A1DD /* Frameworks */ = {
			isa = PBXFrameworksBuildPhase;
			buildActionMask = 2147483647;
			files = (
				A96547F5198B40F300F1A1DD /* CoreGraphics.framework in Frameworks */,
				A96547F7198B40F300F1A1DD /* UIKit.framework in Frameworks */,
				A96547F3198B40F300F1A1DD /* Foundation.framework in Frameworks */,
			);
			runOnlyForDeploymentPostprocessing = 0;
		};
/* End PBXFrameworksBuildPhase section */

/* Begin PBXGroup section */
		A96547E6198B40F300F1A1DD = {
			isa = PBXGroup;
			children = (
				A96547F8198B40F300F1A1DD /* XXX-Workshop */,
				A96547F1198B40F300F1A1DD /* Frameworks */,
				A96547F0198B40F300F1A1DD /* Products */,
			);
			sourceTree = "<group>";
		};
		A96547F0198B40F300F1A1DD /* Products */ = {
			isa = PBXGroup;
			children = (
				A96547EF198B40F300F1A1DD /* XXX-Workshop.app */,
			);
			name = Products;
			sourceTree = "<group>";
		};
		A96547F1198B40F300F1A1DD /* Frameworks */ = {
			isa = PBXGroup;
			children = (
				A96547F2198B40F300F1A1DD /* Foundation.framework */,
				A96547F4198B40F300F1A1DD /* CoreGraphics.framework */,
				A96547F6198B40F300F1A1DD /* UIKit.framework */,
				A965480B198B40F300F1A1DD /* XCTest.framework */,
			);
			name = Frameworks;
			sourceTree = "<group>";
		};
		A96547F8198B40F300F1A1DD /* XXX-Workshop */ = {
			isa = PBXGroup;
			children = (
				A9654801198B40F300F1A1DD /* AppDelegate.h */,
				A9654802198B40F300F1A1DD /* AppDelegate.m */,
				A9654804198B40F300F1A1DD /* Images.xcassets */,
				A96547F9198B40F300F1A1DD /* Supporting Files */,
			);
			path = "XXX-Workshop";
			sourceTree = "<group>";
		};
		A96547F9198B40F300F1A1DD /* Supporting Files */ = {
			isa = PBXGroup;
			children = (
				A96547FA198B40F300F1A1DD /* XXX-Workshop-Info.plist */,
				A96547FB198B40F300F1A1DD /* InfoPlist.strings */,
				A96547FE198B40F300F1A1DD /* main.m */,
				A9654800198B40F300F1A1DD /* XXX-Workshop-Prefix.pch */,
			);
			name = "Supporting Files";
			sourceTree = "<group>";
		};
/* End PBXGroup section */

/* Begin PBXNativeTarget section */
		A96547EE198B40F300F1A1DD /* XXX-Workshop */ = {
			isa = PBXNativeTarget;
			buildConfigurationList = A965481B198B40F300F1A1DD /* Build configuration list for PBXNativeTarget "XXX-Workshop" */;
			buildPhases = (
				A96547EB198B40F300F1A1DD /* Sources */,
				A96547EC198B40F300F1A1DD /* Frameworks */,
				A96547ED198B40F300F1A1DD /* Resources */,
			);
			buildRules = (
			);
			dependencies = (
			);
			name = "XXX-Workshop";
			productName = "XXX-Workshop";
			productReference = A96547EF198B40F300F1A1DD /* XXX-Workshop.app */;
			productType = "com.apple.product-type.application";
		};
/* End PBXNativeTarget section */

/* Begin PBXProject section */
		A96547E7198B40F300F1A1DD /* Project object */ = {
			isa = PBXProject;
			attributes = {
				LastUpgradeCheck = 0510;
				ORGANIZATIONNAME = XXX;
			};
			buildConfigurationList = A96547EA198B40F300F1A1DD /* Build configuration list for PBXProject "XXX-Workshop" */;
			compatibilityVersion = "Xcode 3.2";
			developmentRegion = English;
			hasScannedForEncodings = 0;
			knownRegions = (
				en,
			);
			mainGroup = A96547E6198B40F300F1A1DD;
			productRefGroup = A96547F0198B40F300F1A1DD /* Products */;
			projectDirPath = "";
			projectRoot = "";
			targets = (
				A96547EE198B40F300F1A1DD /* XXX-Workshop */,
			);
		};
/* End PBXProject section */

/* Begin PBXResourcesBuildPhase section */
		A96547ED198B40F300F1A1DD /* Resources */ = {
			isa = PBXResourcesBuildPhase;
			buildActionMask = 2147483647;
			files = (
				A96547FD198B40F300F1A1DD /* InfoPlist.strings in Resources */,
				A9654805198B40F300F1A1DD /* Images.xcassets in Resources */,
			);
			runOnlyForDeploymentPostprocessing = 0;
		};
/* End PBXResourcesBuildPhase section */

/* Begin PBXSourcesBuildPhase section */
		A96547EB198B40F300F1A1DD /* Sources */ = {
			isa = PBXSourcesBuildPhase;
			buildActionMask = 2147483647;
			files = (
				A9654803198B40F300F1A1DD /* AppDelegate.m in Sources */,
				A96547FF198B40F300F1A1DD /* main.m in Sources */,
			);
			runOnlyForDeploymentPostprocessing = 0;
		};
/* End PBXSourcesBuildPhase section */

/* Begin PBXVariantGroup section */
		A96547FB198B40F300F1A1DD /* InfoPlist.strings */ = {
			isa = PBXVariantGroup;
			children = (
				A96547FC198B40F300F1A1DD /* en */,
			);
			name = InfoPlist.strings;
			sourceTree = "<group>";
		};
/* End PBXVariantGroup section */

/* Begin XCBuildConfiguration section */
		A9654819198B40F300F1A1DD /* Debug */ = {
			isa = XCBuildConfiguration;
			buildSettings = {
				ALWAYS_SEARCH_USER_PATHS = NO;
				CLANG_CXX_LANGUAGE_STANDARD = "gnu++0x";
				CLANG_CXX_LIBRARY = "libc++";
				CLANG_ENABLE_MODULES = YES;
				CLANG_ENABLE_OBJC_ARC = YES;
				CLANG_WARN_BOOL_CONVERSION = YES;
				CLANG_WARN_CONSTANT_CONVERSION = YES;
				CLANG_WARN_DIRECT_OBJC_ISA_USAGE = YES_ERROR;
				CLANG_WARN_EMPTY_BODY = YES;
				CLANG_WARN_ENUM_CONVERSION = YES;
				CLANG_WARN_INT_CONVERSION = YES;
				CLANG_WARN_OBJC_ROOT_CLASS = YES_ERROR;
				CLANG_WARN__DUPLICATE_METHOD_MATCH = YES;
				"CODE_SIGN_IDENTITY[sdk=iphoneos*]" = "iPhone Developer";
				COPY_PHASE_STRIP = NO;
				GCC_C_LANGUAGE_STANDARD = gnu99;
				GCC_DYNAMIC_NO_PIC = NO;
				GCC_OPTIMIZATION_LEVEL = 0;
				GCC_PREPROCESSOR_DEFINITIONS = (
					"DEBUG=1",
					"$(inherited)",
				);
				GCC_SYMBOLS_PRIVATE_EXTERN = NO;
				GCC_WARN_64_TO_32_BIT_CONVERSION = YES;
				GCC_WARN_ABOUT_RETURN_TYPE = YES_ERROR;
				GCC_WARN_UNDECLARED_SELECTOR = YES;
				GCC_WARN_UNINITIALIZED_AUTOS = YES_AGGRESSIVE;
				GCC_WARN_UNUSED_FUNCTION = YES;
				GCC_WARN_UNUSED_VARIABLE = YES;
				IPHONEOS_DEPLOYMENT_TARGET = 6.0;
				ONLY_ACTIVE_ARCH = YES;
				SDKROOT = iphoneos;
				TARGETED_DEVICE_FAMILY = "1,2";
			};
			name = Debug;
		};
		A965481A198B40F300F1A1DD /* Release */ = {
			isa = XCBuildConfiguration;
			buildSettings = {
				ALWAYS_SEARCH_USER_PATHS = NO;
				CLANG_CXX_LANGUAGE_STANDARD = "gnu++0x";
				CLANG_CXX_LIBRARY = "libc++";
				CLANG_ENABLE_MODULES = YES;
				CLANG_ENABLE_OBJC_ARC = YES;
				CLANG_WARN_BOOL_CONVERSION = YES;
				CLANG_WARN_CONSTANT_CONVERSION = YES;
				CLANG_WARN_DIRECT_OBJC_ISA_USAGE = YES_ERROR;
				CLANG_WARN_EMPTY_BODY = YES;
				CLANG_WARN_ENUM_CONVERSION = YES;
				CLANG_WARN_INT_CONVERSION = YES;
				CLANG_WARN_OBJC_ROOT_CLASS = YES_ERROR;
				CLANG_WARN__DUPLICATE_METHOD_MATCH = YES;
				"CODE_SIGN_IDENTITY[sdk=iphoneos*]" = "iPhone Developer";
				COPY_PHASE_STRIP = YES;
				ENABLE_NS_ASSERTIONS = NO;
				GCC_C_LANGUAGE_STANDARD = gnu99;
				GCC_WARN_64_TO_32_BIT_CONVERSION = YES;
				GCC_WARN_ABOUT_RETURN_TYPE = YES_ERROR;
				GCC_WARN_UNDECLARED_SELECTOR = YES;
				GCC_WARN_UNINITIALIZED_AUTOS = YES_AGGRESSIVE;
				GCC_WARN_UNUSED_FUNCTION = YES;
				GCC_WARN_UNUSED_VARIABLE = YES;
				IPHONEOS_DEPLOYMENT_TARGET = 6.0;
				SDKROOT = iphoneos;
				TARGETED_DEVICE_FAMILY = "1,2";
				VALIDATE_PRODUCT = YES;
			};
			name = Release;
		};
		A965481C198B40F300F1A1DD /* Debug */ = {
			isa = XCBuildConfiguration;
			buildSettings = {
				ASSETCATALOG_COMPILER_APPICON_NAME = AppIcon;
				ASSETCATALOG_COMPILER_LAUNCHIMAGE_NAME = LaunchImage;
				GCC_PRECOMPILE_PREFIX_HEADER = YES;
				GCC_PREFIX_HEADER = "XXX-Workshop/XXX-Workshop-Prefix.pch";
				INFOPLIST_FILE = "XXX-Workshop/XXX-Workshop-Info.plist";
				PRODUCT_NAME = "$(TARGET_NAME)";
				TARGETED_DEVICE_FAMILY = 1;
				WRAPPER_EXTENSION = app;
			};
			name = Debug;
		};
		A965481D198B40F300F1A1DD /* Release */ = {
			isa = XCBuildConfiguration;
			buildSettings = {
				ASSETCATALOG_COMPILER_APPICON_NAME = AppIcon;
				ASSETCATALOG_COMPILER_LAUNCHIMAGE_NAME = LaunchImage;
				GCC_PRECOMPILE_PREFIX_HEADER = YES;
				GCC_PREFIX_HEADER = "XXX-Workshop/XXX-Workshop-Prefix.pch";
				INFOPLIST_FILE = "XXX-Workshop/XXX-Workshop-Info.plist";
				PRODUCT_NAME = "$(TARGET_NAME)";
				TARGETED_DEVICE_FAMILY = 1;
				WRAPPER_EXTENSION = app;
			};
			name = Release;
		};
/* End XCBuildConfiguration section */

/* Begin XCConfigurationList section */
		A96547EA198B40F300F1A1DD /* Build configuration list for PBXProject "XXX-Workshop" */ = {
			isa = XCConfigurationList;
			buildConfigurations = (
				A9654819198B40F300F1A1DD /* Debug */,
				A965481A198B40F300F1A1DD /* Release */,
			);
			defaultConfigurationIsVisible = 0;
			defaultConfigurationName = Release;
		};
		A965481B198B40F300F1A1DD /* Build configuration list for PBXNativeTarget "XXX-Workshop" */ = {
			isa = XCConfigurationList;
			buildConfigurations = (
				A965481C198B40F300F1A1DD /* Debug */,
				A965481D198B40F300F1A1DD /* Release */,
			);
			defaultConfigurationIsVisible = 0;
		};
/* End XCConfigurationList section */
	};
	rootObject = A96547E7198B40F300F1A1DD /* Project object */;
}
