// !$*UTF8*$!
{
	archiveVersion = 1;
	classes = {
	};
	objectVersion = 46;
	objects = {

/* Begin PBXBuildFile section */
		A912C33C1990844400390166 /* PerspectivePageView.m in Sources */ = {isa = PBXBuildFile; fileRef = A912C33B1990844400390166 /* PerspectivePageView.m */; };
		A912C3401990845C00390166 /* PerspectivePageViewController.m in Sources */ = {isa = PBXBuildFile; fileRef = A912C33E1990845C00390166 /* PerspectivePageViewController.m */; };
		A912C3451990A84600390166 /* Transform3DViewController.m in Sources */ = {isa = PBXBuildFile; fileRef = A912C3441990A84600390166 /* Transform3DViewController.m */; };
		A912C3481990A9D700390166 /* bird.png in Resources */ = {isa = PBXBuildFile; fileRef = A912C3471990A9D700390166 /* bird.png */; };
		A914E019198B83AC00E01E39 /* DLog.m in Sources */ = {isa = PBXBuildFile; fileRef = A914E018198B83AC00E01E39 /* DLog.m */; };
		A914E01D198B8AD500E01E39 /* Utility.m in Sources */ = {isa = PBXBuildFile; fileRef = A914E01C198B8AD500E01E39 /* Utility.m */; };
		A914E021198B8B2900E01E39 /* LinearPartitionCollectionLayout.m in Sources */ = {isa = PBXBuildFile; fileRef = A914E020198B8B2900E01E39 /* LinearPartitionCollectionLayout.m */; };
		A914E025198B92B200E01E39 /* KeyboardUtility.m in Sources */ = {isa = PBXBuildFile; fileRef = A914E024198B92B200E01E39 /* KeyboardUtility.m */; };
		A914E029198B933D00E01E39 /* AlertViewBlock.m in Sources */ = {isa = PBXBuildFile; fileRef = A914E028198B933D00E01E39 /* AlertViewBlock.m */; };
		A914E02E198BA04B00E01E39 /* AlphaColorView.m in Sources */ = {isa = PBXBuildFile; fileRef = A914E02D198BA04B00E01E39 /* AlphaColorView.m */; };
		A96547F3198B40F300F1A1DD /* Foundation.framework in Frameworks */ = {isa = PBXBuildFile; fileRef = A96547F2198B40F300F1A1DD /* Foundation.framework */; };
		A96547F5198B40F300F1A1DD /* CoreGraphics.framework in Frameworks */ = {isa = PBXBuildFile; fileRef = A96547F4198B40F300F1A1DD /* CoreGraphics.framework */; };
		A96547F7198B40F300F1A1DD /* UIKit.framework in Frameworks */ = {isa = PBXBuildFile; fileRef = A96547F6198B40F300F1A1DD /* UIKit.framework */; };
		A96547FD198B40F300F1A1DD /* InfoPlist.strings in Resources */ = {isa = PBXBuildFile; fileRef = A96547FB198B40F300F1A1DD /* InfoPlist.strings */; };
		A96547FF198B40F300F1A1DD /* main.m in Sources */ = {isa = PBXBuildFile; fileRef = A96547FE198B40F300F1A1DD /* main.m */; };
		A9654803198B40F300F1A1DD /* AppDelegate.m in Sources */ = {isa = PBXBuildFile; fileRef = A9654802198B40F300F1A1DD /* AppDelegate.m */; };
		A9654805198B40F300F1A1DD /* Images.xcassets in Resources */ = {isa = PBXBuildFile; fileRef = A9654804198B40F300F1A1DD /* Images.xcassets */; };
		A9654825198B42CD00F1A1DD /* LoadingView.m in Sources */ = {isa = PBXBuildFile; fileRef = A9654824198B42CD00F1A1DD /* LoadingView.m */; };
		A9654829198B431B00F1A1DD /* ViewController.m in Sources */ = {isa = PBXBuildFile; fileRef = A9654827198B431B00F1A1DD /* ViewController.m */; };
		A965482E198B437500F1A1DD /* LoadingViewController.m in Sources */ = {isa = PBXBuildFile; fileRef = A965482C198B437500F1A1DD /* LoadingViewController.m */; };
		A9654833198B43AA00F1A1DD /* NavigationViewController.m in Sources */ = {isa = PBXBuildFile; fileRef = A9654832198B43AA00F1A1DD /* NavigationViewController.m */; };
		A9654835198B444C00F1A1DD /* Storyboard.storyboard in Resources */ = {isa = PBXBuildFile; fileRef = A9654834198B444C00F1A1DD /* Storyboard.storyboard */; };
		A96EBE491998692900DFFCEE /* AFHTTPRequestOperation.m in Sources */ = {isa = PBXBuildFile; fileRef = A96EBE251998692900DFFCEE /* AFHTTPRequestOperation.m */; };
		A96EBE4A1998692900DFFCEE /* AFHTTPRequestOperationManager.m in Sources */ = {isa = PBXBuildFile; fileRef = A96EBE271998692900DFFCEE /* AFHTTPRequestOperationManager.m */; };
		A96EBE4B1998692900DFFCEE /* AFHTTPSessionManager.m in Sources */ = {isa = PBXBuildFile; fileRef = A96EBE291998692900DFFCEE /* AFHTTPSessionManager.m */; };
		A96EBE4C1998692900DFFCEE /* AFNetworkReachabilityManager.m in Sources */ = {isa = PBXBuildFile; fileRef = A96EBE2C1998692900DFFCEE /* AFNetworkReachabilityManager.m */; };
		A96EBE4D1998692900DFFCEE /* AFSecurityPolicy.m in Sources */ = {isa = PBXBuildFile; fileRef = A96EBE2E1998692900DFFCEE /* AFSecurityPolicy.m */; };
		A96EBE4E1998692900DFFCEE /* AFURLConnectionOperation.m in Sources */ = {isa = PBXBuildFile; fileRef = A96EBE301998692900DFFCEE /* AFURLConnectionOperation.m */; };
		A96EBE4F1998692900DFFCEE /* AFURLRequestSerialization.m in Sources */ = {isa = PBXBuildFile; fileRef = A96EBE321998692900DFFCEE /* AFURLRequestSerialization.m */; };
		A96EBE501998692900DFFCEE /* AFURLResponseSerialization.m in Sources */ = {isa = PBXBuildFile; fileRef = A96EBE341998692900DFFCEE /* AFURLResponseSerialization.m */; };
		A96EBE511998692900DFFCEE /* AFURLSessionManager.m in Sources */ = {isa = PBXBuildFile; fileRef = A96EBE361998692900DFFCEE /* AFURLSessionManager.m */; };
		A96EBE521998692900DFFCEE /* AFNetworkActivityIndicatorManager.m in Sources */ = {isa = PBXBuildFile; fileRef = A96EBE391998692900DFFCEE /* AFNetworkActivityIndicatorManager.m */; };
		A96EBE531998692900DFFCEE /* UIActivityIndicatorView+AFNetworking.m in Sources */ = {isa = PBXBuildFile; fileRef = A96EBE3B1998692900DFFCEE /* UIActivityIndicatorView+AFNetworking.m */; };
		A96EBE541998692900DFFCEE /* UIAlertView+AFNetworking.m in Sources */ = {isa = PBXBuildFile; fileRef = A96EBE3D1998692900DFFCEE /* UIAlertView+AFNetworking.m */; };
		A96EBE551998692900DFFCEE /* UIButton+AFNetworking.m in Sources */ = {isa = PBXBuildFile; fileRef = A96EBE3F1998692900DFFCEE /* UIButton+AFNetworking.m */; };
		A96EBE561998692900DFFCEE /* UIImageView+AFNetworking.m in Sources */ = {isa = PBXBuildFile; fileRef = A96EBE411998692900DFFCEE /* UIImageView+AFNetworking.m */; };
		A96EBE571998692900DFFCEE /* UIProgressView+AFNetworking.m in Sources */ = {isa = PBXBuildFile; fileRef = A96EBE441998692900DFFCEE /* UIProgressView+AFNetworking.m */; };
		A96EBE581998692900DFFCEE /* UIRefreshControl+AFNetworking.m in Sources */ = {isa = PBXBuildFile; fileRef = A96EBE461998692900DFFCEE /* UIRefreshControl+AFNetworking.m */; };
		A96EBE591998692900DFFCEE /* UIWebView+AFNetworking.m in Sources */ = {isa = PBXBuildFile; fileRef = A96EBE481998692900DFFCEE /* UIWebView+AFNetworking.m */; };
		A97C022C19985C36006459C2 /* 1.png in Resources */ = {isa = PBXBuildFile; fileRef = A97C020F19985C36006459C2 /* 1.png */; };
		A97C022D19985C36006459C2 /* 12.png in Resources */ = {isa = PBXBuildFile; fileRef = A97C021019985C36006459C2 /* 12.png */; };
		A97C022E19985C36006459C2 /* 13.png in Resources */ = {isa = PBXBuildFile; fileRef = A97C021119985C36006459C2 /* 13.png */; };
		A97C022F19985C36006459C2 /* 15.png in Resources */ = {isa = PBXBuildFile; fileRef = A97C021219985C36006459C2 /* 15.png */; };
		A97C023019985C36006459C2 /* 2.png in Resources */ = {isa = PBXBuildFile; fileRef = A97C021319985C36006459C2 /* 2.png */; };
		A97C023119985C36006459C2 /* 21.png in Resources */ = {isa = PBXBuildFile; fileRef = A97C021419985C36006459C2 /* 21.png */; };
		A97C023219985C36006459C2 /* 23.png in Resources */ = {isa = PBXBuildFile; fileRef = A97C021519985C36006459C2 /* 23.png */; };
		A97C023319985C36006459C2 /* 3.png in Resources */ = {isa = PBXBuildFile; fileRef = A97C021619985C36006459C2 /* 3.png */; };
		A97C023419985C36006459C2 /* 32.png in Resources */ = {isa = PBXBuildFile; fileRef = A97C021719985C36006459C2 /* 32.png */; };
		A97C023519985C36006459C2 /* 34.png in Resources */ = {isa = PBXBuildFile; fileRef = A97C021819985C36006459C2 /* 34.png */; };
		A97C023619985C36006459C2 /* 4.png in Resources */ = {isa = PBXBuildFile; fileRef = A97C021919985C36006459C2 /* 4.png */; };
		A97C023719985C36006459C2 /* 43.png in Resources */ = {isa = PBXBuildFile; fileRef = A97C021A19985C36006459C2 /* 43.png */; };
		A97C023819985C36006459C2 /* 45.png in Resources */ = {isa = PBXBuildFile; fileRef = A97C021B19985C36006459C2 /* 45.png */; };
		A97C023919985C36006459C2 /* 5.png in Resources */ = {isa = PBXBuildFile; fileRef = A97C021C19985C36006459C2 /* 5.png */; };
		A97C023A19985C36006459C2 /* 54.png in Resources */ = {isa = PBXBuildFile; fileRef = A97C021D19985C36006459C2 /* 54.png */; };
		A97C023B19985C36006459C2 /* 56.png in Resources */ = {isa = PBXBuildFile; fileRef = A97C021E19985C36006459C2 /* 56.png */; };
		A97C023C19985C36006459C2 /* 6.png in Resources */ = {isa = PBXBuildFile; fileRef = A97C021F19985C36006459C2 /* 6.png */; };
		A97C023D19985C36006459C2 /* 64.png in Resources */ = {isa = PBXBuildFile; fileRef = A97C022019985C36006459C2 /* 64.png */; };
		A97C023E19985C36006459C2 /* 67.png in Resources */ = {isa = PBXBuildFile; fileRef = A97C022119985C36006459C2 /* 67.png */; };
		A97C023F19985C36006459C2 /* 7.png in Resources */ = {isa = PBXBuildFile; fileRef = A97C022219985C36006459C2 /* 7.png */; };
		A97C024019985C36006459C2 /* 75.png in Resources */ = {isa = PBXBuildFile; fileRef = A97C022319985C36006459C2 /* 75.png */; };
		A97C024119985C36006459C2 /* 76.png in Resources */ = {isa = PBXBuildFile; fileRef = A97C022419985C36006459C2 /* 76.png */; };
		A97C024219985C36006459C2 /* 78.png in Resources */ = {isa = PBXBuildFile; fileRef = A97C022519985C36006459C2 /* 78.png */; };
		A97C024319985C36006459C2 /* 8.png in Resources */ = {isa = PBXBuildFile; fileRef = A97C022619985C36006459C2 /* 8.png */; };
		A97C024419985C36006459C2 /* 87.png in Resources */ = {isa = PBXBuildFile; fileRef = A97C022719985C36006459C2 /* 87.png */; };
		A97C024519985C36006459C2 /* 89.png in Resources */ = {isa = PBXBuildFile; fileRef = A97C022819985C36006459C2 /* 89.png */; };
		A97C024619985C36006459C2 /* 9.png in Resources */ = {isa = PBXBuildFile; fileRef = A97C022919985C36006459C2 /* 9.png */; };
		A97C024719985C36006459C2 /* 90.png in Resources */ = {isa = PBXBuildFile; fileRef = A97C022A19985C36006459C2 /* 90.png */; };
		A97C024819985C36006459C2 /* 98.png in Resources */ = {isa = PBXBuildFile; fileRef = A97C022B19985C36006459C2 /* 98.png */; };
		A97D57DD1991D20A00AD5C43 /* GoogleSearchImage.m in Sources */ = {isa = PBXBuildFile; fileRef = A97D57DC1991D20A00AD5C43 /* GoogleSearchImage.m */; };
		A97D57E91991D9CA00AD5C43 /* LinearPartitionGallery.m in Sources */ = {isa = PBXBuildFile; fileRef = A97D57E81991D9CA00AD5C43 /* LinearPartitionGallery.m */; };
		A97D57F01991DB4500AD5C43 /* LinearPartitionGalleryViewController.m in Sources */ = {isa = PBXBuildFile; fileRef = A97D57EF1991DB4500AD5C43 /* LinearPartitionGalleryViewController.m */; };
		A97D58141991E27900AD5C43 /* MKAnnotationView+WebCache.m in Sources */ = {isa = PBXBuildFile; fileRef = A97D57F41991E27900AD5C43 /* MKAnnotationView+WebCache.m */; };
		A97D58151991E27900AD5C43 /* NSData+ImageContentType.m in Sources */ = {isa = PBXBuildFile; fileRef = A97D57F61991E27900AD5C43 /* NSData+ImageContentType.m */; };
		A97D58161991E27900AD5C43 /* SDImageCache.m in Sources */ = {isa = PBXBuildFile; fileRef = A97D57F81991E27900AD5C43 /* SDImageCache.m */; };
		A97D58171991E27900AD5C43 /* SDWebImageCompat.m in Sources */ = {isa = PBXBuildFile; fileRef = A97D57FA1991E27900AD5C43 /* SDWebImageCompat.m */; };
		A97D58181991E27900AD5C43 /* SDWebImageDecoder.m in Sources */ = {isa = PBXBuildFile; fileRef = A97D57FC1991E27900AD5C43 /* SDWebImageDecoder.m */; };
		A97D58191991E27900AD5C43 /* SDWebImageDownloader.m in Sources */ = {isa = PBXBuildFile; fileRef = A97D57FE1991E27900AD5C43 /* SDWebImageDownloader.m */; };
		A97D581A1991E27900AD5C43 /* SDWebImageDownloaderOperation.m in Sources */ = {isa = PBXBuildFile; fileRef = A97D58001991E27900AD5C43 /* SDWebImageDownloaderOperation.m */; };
		A97D581B1991E27900AD5C43 /* SDWebImageManager.m in Sources */ = {isa = PBXBuildFile; fileRef = A97D58021991E27900AD5C43 /* SDWebImageManager.m */; };
		A97D581C1991E27900AD5C43 /* SDWebImagePrefetcher.m in Sources */ = {isa = PBXBuildFile; fileRef = A97D58051991E27900AD5C43 /* SDWebImagePrefetcher.m */; };
		A97D581D1991E27900AD5C43 /* UIButton+WebCache.m in Sources */ = {isa = PBXBuildFile; fileRef = A97D58071991E27900AD5C43 /* UIButton+WebCache.m */; };
		A97D581E1991E27900AD5C43 /* UIImage+GIF.m in Sources */ = {isa = PBXBuildFile; fileRef = A97D58091991E27900AD5C43 /* UIImage+GIF.m */; };
		A97D581F1991E27900AD5C43 /* UIImage+MultiFormat.m in Sources */ = {isa = PBXBuildFile; fileRef = A97D580B1991E27900AD5C43 /* UIImage+MultiFormat.m */; };
		A97D58201991E27900AD5C43 /* UIImage+WebP.m in Sources */ = {isa = PBXBuildFile; fileRef = A97D580D1991E27900AD5C43 /* UIImage+WebP.m */; };
		A97D58211991E27900AD5C43 /* UIImageView+HighlightedWebCache.m in Sources */ = {isa = PBXBuildFile; fileRef = A97D580F1991E27900AD5C43 /* UIImageView+HighlightedWebCache.m */; };
		A97D58221991E27900AD5C43 /* UIImageView+WebCache.m in Sources */ = {isa = PBXBuildFile; fileRef = A97D58111991E27900AD5C43 /* UIImageView+WebCache.m */; };
		A97D58231991E27900AD5C43 /* UIView+WebCacheOperation.m in Sources */ = {isa = PBXBuildFile; fileRef = A97D58131991E27900AD5C43 /* UIView+WebCacheOperation.m */; };
/* End PBXBuildFile section */

/* Begin PBXFileReference section */
		A912C33A1990844400390166 /* PerspectivePageView.h */ = {isa = PBXFileReference; fileEncoding = 4; lastKnownFileType = sourcecode.c.h; path = PerspectivePageView.h; sourceTree = "<group>"; };
		A912C33B1990844400390166 /* PerspectivePageView.m */ = {isa = PBXFileReference; fileEncoding = 4; lastKnownFileType = sourcecode.c.objc; path = PerspectivePageView.m; sourceTree = "<group>"; };
		A912C33D1990845C00390166 /* PerspectivePageViewController.h */ = {isa = PBXFileReference; fileEncoding = 4; lastKnownFileType = sourcecode.c.h; path = PerspectivePageViewController.h; sourceTree = "<group>"; };
		A912C33E1990845C00390166 /* PerspectivePageViewController.m */ = {isa = PBXFileReference; fileEncoding = 4; lastKnownFileType = sourcecode.c.objc; path = PerspectivePageViewController.m; sourceTree = "<group>"; };
		A912C3431990A84600390166 /* Transform3DViewController.h */ = {isa = PBXFileReference; fileEncoding = 4; lastKnownFileType = sourcecode.c.h; path = Transform3DViewController.h; sourceTree = "<group>"; };
		A912C3441990A84600390166 /* Transform3DViewController.m */ = {isa = PBXFileReference; fileEncoding = 4; lastKnownFileType = sourcecode.c.objc; path = Transform3DViewController.m; sourceTree = "<group>"; };
		A912C3471990A9D700390166 /* bird.png */ = {isa = PBXFileReference; lastKnownFileType = image.png; path = bird.png; sourceTree = "<group>"; };
		A914E017198B83AC00E01E39 /* DLog.h */ = {isa = PBXFileReference; fileEncoding = 4; lastKnownFileType = sourcecode.c.h; path = DLog.h; sourceTree = "<group>"; };
		A914E018198B83AC00E01E39 /* DLog.m */ = {isa = PBXFileReference; fileEncoding = 4; lastKnownFileType = sourcecode.c.objc; path = DLog.m; sourceTree = "<group>"; };
		A914E01B198B8AD500E01E39 /* Utility.h */ = {isa = PBXFileReference; fileEncoding = 4; lastKnownFileType = sourcecode.c.h; path = Utility.h; sourceTree = "<group>"; };
		A914E01C198B8AD500E01E39 /* Utility.m */ = {isa = PBXFileReference; fileEncoding = 4; lastKnownFileType = sourcecode.c.objc; path = Utility.m; sourceTree = "<group>"; };
		A914E01F198B8B2900E01E39 /* LinearPartitionCollectionLayout.h */ = {isa = PBXFileReference; fileEncoding = 4; lastKnownFileType = sourcecode.c.h; path = LinearPartitionCollectionLayout.h; sourceTree = "<group>"; };
		A914E020198B8B2900E01E39 /* LinearPartitionCollectionLayout.m */ = {isa = PBXFileReference; fileEncoding = 4; lastKnownFileType = sourcecode.c.objc; path = LinearPartitionCollectionLayout.m; sourceTree = "<group>"; };
		A914E023198B92B200E01E39 /* KeyboardUtility.h */ = {isa = PBXFileReference; fileEncoding = 4; lastKnownFileType = sourcecode.c.h; path = KeyboardUtility.h; sourceTree = "<group>"; };
		A914E024198B92B200E01E39 /* KeyboardUtility.m */ = {isa = PBXFileReference; fileEncoding = 4; lastKnownFileType = sourcecode.c.objc; path = KeyboardUtility.m; sourceTree = "<group>"; };
		A914E027198B933D00E01E39 /* AlertViewBlock.h */ = {isa = PBXFileReference; fileEncoding = 4; lastKnownFileType = sourcecode.c.h; path = AlertViewBlock.h; sourceTree = "<group>"; };
		A914E028198B933D00E01E39 /* AlertViewBlock.m */ = {isa = PBXFileReference; fileEncoding = 4; lastKnownFileType = sourcecode.c.objc; path = AlertViewBlock.m; sourceTree = "<group>"; };
		A914E02C198BA04B00E01E39 /* AlphaColorView.h */ = {isa = PBXFileReference; fileEncoding = 4; lastKnownFileType = sourcecode.c.h; path = AlphaColorView.h; sourceTree = "<group>"; };
		A914E02D198BA04B00E01E39 /* AlphaColorView.m */ = {isa = PBXFileReference; fileEncoding = 4; lastKnownFileType = sourcecode.c.objc; path = AlphaColorView.m; sourceTree = "<group>"; };
		A96547EF198B40F300F1A1DD /* XXX-Workshop.app */ = {isa = PBXFileReference; explicitFileType = wrapper.application; includeInIndex = 0; path = "XXX-Workshop.app"; sourceTree = BUILT_PRODUCTS_DIR; };
		A96547F2198B40F300F1A1DD /* Foundation.framework */ = {isa = PBXFileReference; lastKnownFileType = wrapper.framework; name = Foundation.framework; path = System/Library/Frameworks/Foundation.framework; sourceTree = SDKROOT; };
		A96547F4198B40F300F1A1DD /* CoreGraphics.framework */ = {isa = PBXFileReference; lastKnownFileType = wrapper.framework; name = CoreGraphics.framework; path = System/Library/Frameworks/CoreGraphics.framework; sourceTree = SDKROOT; };
		A96547F6198B40F300F1A1DD /* UIKit.framework */ = {isa = PBXFileReference; lastKnownFileType = wrapper.framework; name = UIKit.framework; path = System/Library/Frameworks/UIKit.framework; sourceTree = SDKROOT; };
		A96547FA198B40F300F1A1DD /* XXX-Workshop-Info.plist */ = {isa = PBXFileReference; lastKnownFileType = text.plist.xml; path = "XXX-Workshop-Info.plist"; sourceTree = "<group>"; };
		A96547FC198B40F300F1A1DD /* en */ = {isa = PBXFileReference; lastKnownFileType = text.plist.strings; name = en; path = en.lproj/InfoPlist.strings; sourceTree = "<group>"; };
		A96547FE198B40F300F1A1DD /* main.m */ = {isa = PBXFileReference; lastKnownFileType = sourcecode.c.objc; path = main.m; sourceTree = "<group>"; };
		A9654800198B40F300F1A1DD /* XXX-Workshop-Prefix.pch */ = {isa = PBXFileReference; lastKnownFileType = sourcecode.c.h; path = "XXX-Workshop-Prefix.pch"; sourceTree = "<group>"; };
		A9654801198B40F300F1A1DD /* AppDelegate.h */ = {isa = PBXFileReference; lastKnownFileType = sourcecode.c.h; path = AppDelegate.h; sourceTree = "<group>"; };
		A9654802198B40F300F1A1DD /* AppDelegate.m */ = {isa = PBXFileReference; lastKnownFileType = sourcecode.c.objc; path = AppDelegate.m; sourceTree = "<group>"; };
		A9654804198B40F300F1A1DD /* Images.xcassets */ = {isa = PBXFileReference; lastKnownFileType = folder.assetcatalog; path = Images.xcassets; sourceTree = "<group>"; };
		A965480B198B40F300F1A1DD /* XCTest.framework */ = {isa = PBXFileReference; lastKnownFileType = wrapper.framework; name = XCTest.framework; path = Library/Frameworks/XCTest.framework; sourceTree = DEVELOPER_DIR; };
		A9654823198B42CD00F1A1DD /* LoadingView.h */ = {isa = PBXFileReference; fileEncoding = 4; lastKnownFileType = sourcecode.c.h; path = LoadingView.h; sourceTree = "<group>"; };
		A9654824198B42CD00F1A1DD /* LoadingView.m */ = {isa = PBXFileReference; fileEncoding = 4; lastKnownFileType = sourcecode.c.objc; path = LoadingView.m; sourceTree = "<group>"; };
		A9654826198B431B00F1A1DD /* ViewController.h */ = {isa = PBXFileReference; fileEncoding = 4; lastKnownFileType = sourcecode.c.h; path = ViewController.h; sourceTree = "<group>"; };
		A9654827198B431B00F1A1DD /* ViewController.m */ = {isa = PBXFileReference; fileEncoding = 4; lastKnownFileType = sourcecode.c.objc; path = ViewController.m; sourceTree = "<group>"; };
		A965482B198B437500F1A1DD /* LoadingViewController.h */ = {isa = PBXFileReference; fileEncoding = 4; lastKnownFileType = sourcecode.c.h; path = LoadingViewController.h; sourceTree = "<group>"; };
		A965482C198B437500F1A1DD /* LoadingViewController.m */ = {isa = PBXFileReference; fileEncoding = 4; lastKnownFileType = sourcecode.c.objc; path = LoadingViewController.m; sourceTree = "<group>"; };
		A9654831198B43AA00F1A1DD /* NavigationViewController.h */ = {isa = PBXFileReference; fileEncoding = 4; lastKnownFileType = sourcecode.c.h; path = NavigationViewController.h; sourceTree = "<group>"; };
		A9654832198B43AA00F1A1DD /* NavigationViewController.m */ = {isa = PBXFileReference; fileEncoding = 4; lastKnownFileType = sourcecode.c.objc; path = NavigationViewController.m; sourceTree = "<group>"; };
		A9654834198B444C00F1A1DD /* Storyboard.storyboard */ = {isa = PBXFileReference; fileEncoding = 4; lastKnownFileType = file.storyboard; path = Storyboard.storyboard; sourceTree = "<group>"; };
		A96EBE241998692900DFFCEE /* AFHTTPRequestOperation.h */ = {isa = PBXFileReference; fileEncoding = 4; lastKnownFileType = sourcecode.c.h; path = AFHTTPRequestOperation.h; sourceTree = "<group>"; };
		A96EBE251998692900DFFCEE /* AFHTTPRequestOperation.m */ = {isa = PBXFileReference; fileEncoding = 4; lastKnownFileType = sourcecode.c.objc; path = AFHTTPRequestOperation.m; sourceTree = "<group>"; };
		A96EBE261998692900DFFCEE /* AFHTTPRequestOperationManager.h */ = {isa = PBXFileReference; fileEncoding = 4; lastKnownFileType = sourcecode.c.h; path = AFHTTPRequestOperationManager.h; sourceTree = "<group>"; };
		A96EBE271998692900DFFCEE /* AFHTTPRequestOperationManager.m */ = {isa = PBXFileReference; fileEncoding = 4; lastKnownFileType = sourcecode.c.objc; path = AFHTTPRequestOperationManager.m; sourceTree = "<group>"; };
		A96EBE281998692900DFFCEE /* AFHTTPSessionManager.h */ = {isa = PBXFileReference; fileEncoding = 4; lastKnownFileType = sourcecode.c.h; path = AFHTTPSessionManager.h; sourceTree = "<group>"; };
		A96EBE291998692900DFFCEE /* AFHTTPSessionManager.m */ = {isa = PBXFileReference; fileEncoding = 4; lastKnownFileType = sourcecode.c.objc; path = AFHTTPSessionManager.m; sourceTree = "<group>"; };
		A96EBE2A1998692900DFFCEE /* AFNetworking.h */ = {isa = PBXFileReference; fileEncoding = 4; lastKnownFileType = sourcecode.c.h; path = AFNetworking.h; sourceTree = "<group>"; };
		A96EBE2B1998692900DFFCEE /* AFNetworkReachabilityManager.h */ = {isa = PBXFileReference; fileEncoding = 4; lastKnownFileType = sourcecode.c.h; path = AFNetworkReachabilityManager.h; sourceTree = "<group>"; };
		A96EBE2C1998692900DFFCEE /* AFNetworkReachabilityManager.m */ = {isa = PBXFileReference; fileEncoding = 4; lastKnownFileType = sourcecode.c.objc; path = AFNetworkReachabilityManager.m; sourceTree = "<group>"; };
		A96EBE2D1998692900DFFCEE /* AFSecurityPolicy.h */ = {isa = PBXFileReference; fileEncoding = 4; lastKnownFileType = sourcecode.c.h; path = AFSecurityPolicy.h; sourceTree = "<group>"; };
		A96EBE2E1998692900DFFCEE /* AFSecurityPolicy.m */ = {isa = PBXFileReference; fileEncoding = 4; lastKnownFileType = sourcecode.c.objc; path = AFSecurityPolicy.m; sourceTree = "<group>"; };
		A96EBE2F1998692900DFFCEE /* AFURLConnectionOperation.h */ = {isa = PBXFileReference; fileEncoding = 4; lastKnownFileType = sourcecode.c.h; path = AFURLConnectionOperation.h; sourceTree = "<group>"; };
		A96EBE301998692900DFFCEE /* AFURLConnectionOperation.m */ = {isa = PBXFileReference; fileEncoding = 4; lastKnownFileType = sourcecode.c.objc; path = AFURLConnectionOperation.m; sourceTree = "<group>"; };
		A96EBE311998692900DFFCEE /* AFURLRequestSerialization.h */ = {isa = PBXFileReference; fileEncoding = 4; lastKnownFileType = sourcecode.c.h; path = AFURLRequestSerialization.h; sourceTree = "<group>"; };
		A96EBE321998692900DFFCEE /* AFURLRequestSerialization.m */ = {isa = PBXFileReference; fileEncoding = 4; lastKnownFileType = sourcecode.c.objc; path = AFURLRequestSerialization.m; sourceTree = "<group>"; };
		A96EBE331998692900DFFCEE /* AFURLResponseSerialization.h */ = {isa = PBXFileReference; fileEncoding = 4; lastKnownFileType = sourcecode.c.h; path = AFURLResponseSerialization.h; sourceTree = "<group>"; };
		A96EBE341998692900DFFCEE /* AFURLResponseSerialization.m */ = {isa = PBXFileReference; fileEncoding = 4; lastKnownFileType = sourcecode.c.objc; path = AFURLResponseSerialization.m; sourceTree = "<group>"; };
		A96EBE351998692900DFFCEE /* AFURLSessionManager.h */ = {isa = PBXFileReference; fileEncoding = 4; lastKnownFileType = sourcecode.c.h; path = AFURLSessionManager.h; sourceTree = "<group>"; };
		A96EBE361998692900DFFCEE /* AFURLSessionManager.m */ = {isa = PBXFileReference; fileEncoding = 4; lastKnownFileType = sourcecode.c.objc; path = AFURLSessionManager.m; sourceTree = "<group>"; };
		A96EBE381998692900DFFCEE /* AFNetworkActivityIndicatorManager.h */ = {isa = PBXFileReference; fileEncoding = 4; lastKnownFileType = sourcecode.c.h; path = AFNetworkActivityIndicatorManager.h; sourceTree = "<group>"; };
		A96EBE391998692900DFFCEE /* AFNetworkActivityIndicatorManager.m */ = {isa = PBXFileReference; fileEncoding = 4; lastKnownFileType = sourcecode.c.objc; path = AFNetworkActivityIndicatorManager.m; sourceTree = "<group>"; };
		A96EBE3A1998692900DFFCEE /* UIActivityIndicatorView+AFNetworking.h */ = {isa = PBXFileReference; fileEncoding = 4; lastKnownFileType = sourcecode.c.h; path = "UIActivityIndicatorView+AFNetworking.h"; sourceTree = "<group>"; };
		A96EBE3B1998692900DFFCEE /* UIActivityIndicatorView+AFNetworking.m */ = {isa = PBXFileReference; fileEncoding = 4; lastKnownFileType = sourcecode.c.objc; path = "UIActivityIndicatorView+AFNetworking.m"; sourceTree = "<group>"; };
		A96EBE3C1998692900DFFCEE /* UIAlertView+AFNetworking.h */ = {isa = PBXFileReference; fileEncoding = 4; lastKnownFileType = sourcecode.c.h; path = "UIAlertView+AFNetworking.h"; sourceTree = "<group>"; };
		A96EBE3D1998692900DFFCEE /* UIAlertView+AFNetworking.m */ = {isa = PBXFileReference; fileEncoding = 4; lastKnownFileType = sourcecode.c.objc; path = "UIAlertView+AFNetworking.m"; sourceTree = "<group>"; };
		A96EBE3E1998692900DFFCEE /* UIButton+AFNetworking.h */ = {isa = PBXFileReference; fileEncoding = 4; lastKnownFileType = sourcecode.c.h; path = "UIButton+AFNetworking.h"; sourceTree = "<group>"; };
		A96EBE3F1998692900DFFCEE /* UIButton+AFNetworking.m */ = {isa = PBXFileReference; fileEncoding = 4; lastKnownFileType = sourcecode.c.objc; path = "UIButton+AFNetworking.m"; sourceTree = "<group>"; };
		A96EBE401998692900DFFCEE /* UIImageView+AFNetworking.h */ = {isa = PBXFileReference; fileEncoding = 4; lastKnownFileType = sourcecode.c.h; path = "UIImageView+AFNetworking.h"; sourceTree = "<group>"; };
		A96EBE411998692900DFFCEE /* UIImageView+AFNetworking.m */ = {isa = PBXFileReference; fileEncoding = 4; lastKnownFileType = sourcecode.c.objc; path = "UIImageView+AFNetworking.m"; sourceTree = "<group>"; };
		A96EBE421998692900DFFCEE /* UIKit+AFNetworking.h */ = {isa = PBXFileReference; fileEncoding = 4; lastKnownFileType = sourcecode.c.h; path = "UIKit+AFNetworking.h"; sourceTree = "<group>"; };
		A96EBE431998692900DFFCEE /* UIProgressView+AFNetworking.h */ = {isa = PBXFileReference; fileEncoding = 4; lastKnownFileType = sourcecode.c.h; path = "UIProgressView+AFNetworking.h"; sourceTree = "<group>"; };
		A96EBE441998692900DFFCEE /* UIProgressView+AFNetworking.m */ = {isa = PBXFileReference; fileEncoding = 4; lastKnownFileType = sourcecode.c.objc; path = "UIProgressView+AFNetworking.m"; sourceTree = "<group>"; };
		A96EBE451998692900DFFCEE /* UIRefreshControl+AFNetworking.h */ = {isa = PBXFileReference; fileEncoding = 4; lastKnownFileType = sourcecode.c.h; path = "UIRefreshControl+AFNetworking.h"; sourceTree = "<group>"; };
		A96EBE461998692900DFFCEE /* UIRefreshControl+AFNetworking.m */ = {isa = PBXFileReference; fileEncoding = 4; lastKnownFileType = sourcecode.c.objc; path = "UIRefreshControl+AFNetworking.m"; sourceTree = "<group>"; };
		A96EBE471998692900DFFCEE /* UIWebView+AFNetworking.h */ = {isa = PBXFileReference; fileEncoding = 4; lastKnownFileType = sourcecode.c.h; path = "UIWebView+AFNetworking.h"; sourceTree = "<group>"; };
		A96EBE481998692900DFFCEE /* UIWebView+AFNetworking.m */ = {isa = PBXFileReference; fileEncoding = 4; lastKnownFileType = sourcecode.c.objc; path = "UIWebView+AFNetworking.m"; sourceTree = "<group>"; };
		A97C020F19985C36006459C2 /* 1.png */ = {isa = PBXFileReference; lastKnownFileType = image.png; path = 1.png; sourceTree = "<group>"; };
		A97C021019985C36006459C2 /* 12.png */ = {isa = PBXFileReference; lastKnownFileType = image.png; path = 12.png; sourceTree = "<group>"; };
		A97C021119985C36006459C2 /* 13.png */ = {isa = PBXFileReference; lastKnownFileType = image.png; path = 13.png; sourceTree = "<group>"; };
		A97C021219985C36006459C2 /* 15.png */ = {isa = PBXFileReference; lastKnownFileType = image.png; path = 15.png; sourceTree = "<group>"; };
		A97C021319985C36006459C2 /* 2.png */ = {isa = PBXFileReference; lastKnownFileType = image.png; path = 2.png; sourceTree = "<group>"; };
		A97C021419985C36006459C2 /* 21.png */ = {isa = PBXFileReference; lastKnownFileType = image.png; path = 21.png; sourceTree = "<group>"; };
		A97C021519985C36006459C2 /* 23.png */ = {isa = PBXFileReference; lastKnownFileType = image.png; path = 23.png; sourceTree = "<group>"; };
		A97C021619985C36006459C2 /* 3.png */ = {isa = PBXFileReference; lastKnownFileType = image.png; path = 3.png; sourceTree = "<group>"; };
		A97C021719985C36006459C2 /* 32.png */ = {isa = PBXFileReference; lastKnownFileType = image.png; path = 32.png; sourceTree = "<group>"; };
		A97C021819985C36006459C2 /* 34.png */ = {isa = PBXFileReference; lastKnownFileType = image.png; path = 34.png; sourceTree = "<group>"; };
		A97C021919985C36006459C2 /* 4.png */ = {isa = PBXFileReference; lastKnownFileType = image.png; path = 4.png; sourceTree = "<group>"; };
		A97C021A19985C36006459C2 /* 43.png */ = {isa = PBXFileReference; lastKnownFileType = image.png; path = 43.png; sourceTree = "<group>"; };
		A97C021B19985C36006459C2 /* 45.png */ = {isa = PBXFileReference; lastKnownFileType = image.png; path = 45.png; sourceTree = "<group>"; };
		A97C021C19985C36006459C2 /* 5.png */ = {isa = PBXFileReference; lastKnownFileType = image.png; path = 5.png; sourceTree = "<group>"; };
		A97C021D19985C36006459C2 /* 54.png */ = {isa = PBXFileReference; lastKnownFileType = image.png; path = 54.png; sourceTree = "<group>"; };
		A97C021E19985C36006459C2 /* 56.png */ = {isa = PBXFileReference; lastKnownFileType = image.png; path = 56.png; sourceTree = "<group>"; };
		A97C021F19985C36006459C2 /* 6.png */ = {isa = PBXFileReference; lastKnownFileType = image.png; path = 6.png; sourceTree = "<group>"; };
		A97C022019985C36006459C2 /* 64.png */ = {isa = PBXFileReference; lastKnownFileType = image.png; path = 64.png; sourceTree = "<group>"; };
		A97C022119985C36006459C2 /* 67.png */ = {isa = PBXFileReference; lastKnownFileType = image.png; path = 67.png; sourceTree = "<group>"; };
		A97C022219985C36006459C2 /* 7.png */ = {isa = PBXFileReference; lastKnownFileType = image.png; path = 7.png; sourceTree = "<group>"; };
		A97C022319985C36006459C2 /* 75.png */ = {isa = PBXFileReference; lastKnownFileType = image.png; path = 75.png; sourceTree = "<group>"; };
		A97C022419985C36006459C2 /* 76.png */ = {isa = PBXFileReference; lastKnownFileType = image.png; path = 76.png; sourceTree = "<group>"; };
		A97C022519985C36006459C2 /* 78.png */ = {isa = PBXFileReference; lastKnownFileType = image.png; path = 78.png; sourceTree = "<group>"; };
		A97C022619985C36006459C2 /* 8.png */ = {isa = PBXFileReference; lastKnownFileType = image.png; path = 8.png; sourceTree = "<group>"; };
		A97C022719985C36006459C2 /* 87.png */ = {isa = PBXFileReference; lastKnownFileType = image.png; path = 87.png; sourceTree = "<group>"; };
		A97C022819985C36006459C2 /* 89.png */ = {isa = PBXFileReference; lastKnownFileType = image.png; path = 89.png; sourceTree = "<group>"; };
		A97C022919985C36006459C2 /* 9.png */ = {isa = PBXFileReference; lastKnownFileType = image.png; path = 9.png; sourceTree = "<group>"; };
		A97C022A19985C36006459C2 /* 90.png */ = {isa = PBXFileReference; lastKnownFileType = image.png; path = 90.png; sourceTree = "<group>"; };
		A97C022B19985C36006459C2 /* 98.png */ = {isa = PBXFileReference; lastKnownFileType = image.png; path = 98.png; sourceTree = "<group>"; };
		A97D57DB1991D20A00AD5C43 /* GoogleSearchImage.h */ = {isa = PBXFileReference; fileEncoding = 4; lastKnownFileType = sourcecode.c.h; path = GoogleSearchImage.h; sourceTree = "<group>"; };
		A97D57DC1991D20A00AD5C43 /* GoogleSearchImage.m */ = {isa = PBXFileReference; fileEncoding = 4; lastKnownFileType = sourcecode.c.objc; path = GoogleSearchImage.m; sourceTree = "<group>"; };
		A97D57E71991D9CA00AD5C43 /* LinearPartitionGallery.h */ = {isa = PBXFileReference; fileEncoding = 4; lastKnownFileType = sourcecode.c.h; path = LinearPartitionGallery.h; sourceTree = "<group>"; };
		A97D57E81991D9CA00AD5C43 /* LinearPartitionGallery.m */ = {isa = PBXFileReference; fileEncoding = 4; lastKnownFileType = sourcecode.c.objc; path = LinearPartitionGallery.m; sourceTree = "<group>"; };
		A97D57EE1991DB4500AD5C43 /* LinearPartitionGalleryViewController.h */ = {isa = PBXFileReference; fileEncoding = 4; lastKnownFileType = sourcecode.c.h; path = LinearPartitionGalleryViewController.h; sourceTree = "<group>"; };
		A97D57EF1991DB4500AD5C43 /* LinearPartitionGalleryViewController.m */ = {isa = PBXFileReference; fileEncoding = 4; lastKnownFileType = sourcecode.c.objc; path = LinearPartitionGalleryViewController.m; sourceTree = "<group>"; };
		A97D57F31991E27900AD5C43 /* MKAnnotationView+WebCache.h */ = {isa = PBXFileReference; fileEncoding = 4; lastKnownFileType = sourcecode.c.h; path = "MKAnnotationView+WebCache.h"; sourceTree = "<group>"; };
		A97D57F41991E27900AD5C43 /* MKAnnotationView+WebCache.m */ = {isa = PBXFileReference; fileEncoding = 4; lastKnownFileType = sourcecode.c.objc; path = "MKAnnotationView+WebCache.m"; sourceTree = "<group>"; };
		A97D57F51991E27900AD5C43 /* NSData+ImageContentType.h */ = {isa = PBXFileReference; fileEncoding = 4; lastKnownFileType = sourcecode.c.h; path = "NSData+ImageContentType.h"; sourceTree = "<group>"; };
		A97D57F61991E27900AD5C43 /* NSData+ImageContentType.m */ = {isa = PBXFileReference; fileEncoding = 4; lastKnownFileType = sourcecode.c.objc; path = "NSData+ImageContentType.m"; sourceTree = "<group>"; };
		A97D57F71991E27900AD5C43 /* SDImageCache.h */ = {isa = PBXFileReference; fileEncoding = 4; lastKnownFileType = sourcecode.c.h; path = SDImageCache.h; sourceTree = "<group>"; };
		A97D57F81991E27900AD5C43 /* SDImageCache.m */ = {isa = PBXFileReference; fileEncoding = 4; lastKnownFileType = sourcecode.c.objc; path = SDImageCache.m; sourceTree = "<group>"; };
		A97D57F91991E27900AD5C43 /* SDWebImageCompat.h */ = {isa = PBXFileReference; fileEncoding = 4; lastKnownFileType = sourcecode.c.h; path = SDWebImageCompat.h; sourceTree = "<group>"; };
		A97D57FA1991E27900AD5C43 /* SDWebImageCompat.m */ = {isa = PBXFileReference; fileEncoding = 4; lastKnownFileType = sourcecode.c.objc; path = SDWebImageCompat.m; sourceTree = "<group>"; };
		A97D57FB1991E27900AD5C43 /* SDWebImageDecoder.h */ = {isa = PBXFileReference; fileEncoding = 4; lastKnownFileType = sourcecode.c.h; path = SDWebImageDecoder.h; sourceTree = "<group>"; };
		A97D57FC1991E27900AD5C43 /* SDWebImageDecoder.m */ = {isa = PBXFileReference; fileEncoding = 4; lastKnownFileType = sourcecode.c.objc; path = SDWebImageDecoder.m; sourceTree = "<group>"; };
		A97D57FD1991E27900AD5C43 /* SDWebImageDownloader.h */ = {isa = PBXFileReference; fileEncoding = 4; lastKnownFileType = sourcecode.c.h; path = SDWebImageDownloader.h; sourceTree = "<group>"; };
		A97D57FE1991E27900AD5C43 /* SDWebImageDownloader.m */ = {isa = PBXFileReference; fileEncoding = 4; lastKnownFileType = sourcecode.c.objc; path = SDWebImageDownloader.m; sourceTree = "<group>"; };
		A97D57FF1991E27900AD5C43 /* SDWebImageDownloaderOperation.h */ = {isa = PBXFileReference; fileEncoding = 4; lastKnownFileType = sourcecode.c.h; path = SDWebImageDownloaderOperation.h; sourceTree = "<group>"; };
		A97D58001991E27900AD5C43 /* SDWebImageDownloaderOperation.m */ = {isa = PBXFileReference; fileEncoding = 4; lastKnownFileType = sourcecode.c.objc; path = SDWebImageDownloaderOperation.m; sourceTree = "<group>"; };
		A97D58011991E27900AD5C43 /* SDWebImageManager.h */ = {isa = PBXFileReference; fileEncoding = 4; lastKnownFileType = sourcecode.c.h; path = SDWebImageManager.h; sourceTree = "<group>"; };
		A97D58021991E27900AD5C43 /* SDWebImageManager.m */ = {isa = PBXFileReference; fileEncoding = 4; lastKnownFileType = sourcecode.c.objc; path = SDWebImageManager.m; sourceTree = "<group>"; };
		A97D58031991E27900AD5C43 /* SDWebImageOperation.h */ = {isa = PBXFileReference; fileEncoding = 4; lastKnownFileType = sourcecode.c.h; path = SDWebImageOperation.h; sourceTree = "<group>"; };
		A97D58041991E27900AD5C43 /* SDWebImagePrefetcher.h */ = {isa = PBXFileReference; fileEncoding = 4; lastKnownFileType = sourcecode.c.h; path = SDWebImagePrefetcher.h; sourceTree = "<group>"; };
		A97D58051991E27900AD5C43 /* SDWebImagePrefetcher.m */ = {isa = PBXFileReference; fileEncoding = 4; lastKnownFileType = sourcecode.c.objc; path = SDWebImagePrefetcher.m; sourceTree = "<group>"; };
		A97D58061991E27900AD5C43 /* UIButton+WebCache.h */ = {isa = PBXFileReference; fileEncoding = 4; lastKnownFileType = sourcecode.c.h; path = "UIButton+WebCache.h"; sourceTree = "<group>"; };
		A97D58071991E27900AD5C43 /* UIButton+WebCache.m */ = {isa = PBXFileReference; fileEncoding = 4; lastKnownFileType = sourcecode.c.objc; path = "UIButton+WebCache.m"; sourceTree = "<group>"; };
		A97D58081991E27900AD5C43 /* UIImage+GIF.h */ = {isa = PBXFileReference; fileEncoding = 4; lastKnownFileType = sourcecode.c.h; path = "UIImage+GIF.h"; sourceTree = "<group>"; };
		A97D58091991E27900AD5C43 /* UIImage+GIF.m */ = {isa = PBXFileReference; fileEncoding = 4; lastKnownFileType = sourcecode.c.objc; path = "UIImage+GIF.m"; sourceTree = "<group>"; };
		A97D580A1991E27900AD5C43 /* UIImage+MultiFormat.h */ = {isa = PBXFileReference; fileEncoding = 4; lastKnownFileType = sourcecode.c.h; path = "UIImage+MultiFormat.h"; sourceTree = "<group>"; };
		A97D580B1991E27900AD5C43 /* UIImage+MultiFormat.m */ = {isa = PBXFileReference; fileEncoding = 4; lastKnownFileType = sourcecode.c.objc; path = "UIImage+MultiFormat.m"; sourceTree = "<group>"; };
		A97D580C1991E27900AD5C43 /* UIImage+WebP.h */ = {isa = PBXFileReference; fileEncoding = 4; lastKnownFileType = sourcecode.c.h; path = "UIImage+WebP.h"; sourceTree = "<group>"; };
		A97D580D1991E27900AD5C43 /* UIImage+WebP.m */ = {isa = PBXFileReference; fileEncoding = 4; lastKnownFileType = sourcecode.c.objc; path = "UIImage+WebP.m"; sourceTree = "<group>"; };
		A97D580E1991E27900AD5C43 /* UIImageView+HighlightedWebCache.h */ = {isa = PBXFileReference; fileEncoding = 4; lastKnownFileType = sourcecode.c.h; path = "UIImageView+HighlightedWebCache.h"; sourceTree = "<group>"; };
		A97D580F1991E27900AD5C43 /* UIImageView+HighlightedWebCache.m */ = {isa = PBXFileReference; fileEncoding = 4; lastKnownFileType = sourcecode.c.objc; path = "UIImageView+HighlightedWebCache.m"; sourceTree = "<group>"; };
		A97D58101991E27900AD5C43 /* UIImageView+WebCache.h */ = {isa = PBXFileReference; fileEncoding = 4; lastKnownFileType = sourcecode.c.h; path = "UIImageView+WebCache.h"; sourceTree = "<group>"; };
		A97D58111991E27900AD5C43 /* UIImageView+WebCache.m */ = {isa = PBXFileReference; fileEncoding = 4; lastKnownFileType = sourcecode.c.objc; path = "UIImageView+WebCache.m"; sourceTree = "<group>"; };
		A97D58121991E27900AD5C43 /* UIView+WebCacheOperation.h */ = {isa = PBXFileReference; fileEncoding = 4; lastKnownFileType = sourcecode.c.h; path = "UIView+WebCacheOperation.h"; sourceTree = "<group>"; };
		A97D58131991E27900AD5C43 /* UIView+WebCacheOperation.m */ = {isa = PBXFileReference; fileEncoding = 4; lastKnownFileType = sourcecode.c.objc; path = "UIView+WebCacheOperation.m"; sourceTree = "<group>"; };
/* End PBXFileReference section */

/* Begin PBXFrameworksBuildPhase section */
		A96547EC198B40F300F1A1DD /* Frameworks */ = {
			isa = PBXFrameworksBuildPhase;
			buildActionMask = 2147483647;
			files = (
				A96547F5198B40F300F1A1DD /* CoreGraphics.framework in Frameworks */,
				A96547F7198B40F300F1A1DD /* UIKit.framework in Frameworks */,
				A96547F3198B40F300F1A1DD /* Foundation.framework in Frameworks */,
			);
			runOnlyForDeploymentPostprocessing = 0;
		};
/* End PBXFrameworksBuildPhase section */

/* Begin PBXGroup section */
		A912C3391990841100390166 /* PerspectivePageView */ = {
			isa = PBXGroup;
			children = (
				A912C33A1990844400390166 /* PerspectivePageView.h */,
				A912C33B1990844400390166 /* PerspectivePageView.m */,
				A912C33D1990845C00390166 /* PerspectivePageViewController.h */,
				A912C33E1990845C00390166 /* PerspectivePageViewController.m */,
			);
			path = PerspectivePageView;
			sourceTree = "<group>";
		};
		A912C3421990A83700390166 /* Transform3D */ = {
			isa = PBXGroup;
			children = (
				A912C3431990A84600390166 /* Transform3DViewController.h */,
				A912C3441990A84600390166 /* Transform3DViewController.m */,
			);
			path = Transform3D;
			sourceTree = "<group>";
		};
		A912C3461990A9CE00390166 /* Resources */ = {
			isa = PBXGroup;
			children = (
				A97C020E19985C36006459C2 /* Images */,
				A912C3471990A9D700390166 /* bird.png */,
			);
			path = Resources;
			sourceTree = "<group>";
		};
		A914E016198B839F00E01E39 /* DLog */ = {
			isa = PBXGroup;
			children = (
				A914E017198B83AC00E01E39 /* DLog.h */,
				A914E018198B83AC00E01E39 /* DLog.m */,
			);
			path = DLog;
			sourceTree = "<group>";
		};
		A914E01A198B8AC900E01E39 /* Utility */ = {
			isa = PBXGroup;
			children = (
				A97D57D91991D1FC00AD5C43 /* Google */,
				A914E01B198B8AD500E01E39 /* Utility.h */,
				A914E01C198B8AD500E01E39 /* Utility.m */,
			);
			path = Utility;
			sourceTree = "<group>";
		};
		A914E01E198B8B1600E01E39 /* LinearPartitionCollectionLayout */ = {
			isa = PBXGroup;
			children = (
				A914E01F198B8B2900E01E39 /* LinearPartitionCollectionLayout.h */,
				A914E020198B8B2900E01E39 /* LinearPartitionCollectionLayout.m */,
			);
			path = LinearPartitionCollectionLayout;
			sourceTree = "<group>";
		};
		A914E022198B92B200E01E39 /* KeyboardUtility */ = {
			isa = PBXGroup;
			children = (
				A914E023198B92B200E01E39 /* KeyboardUtility.h */,
				A914E024198B92B200E01E39 /* KeyboardUtility.m */,
			);
			path = KeyboardUtility;
			sourceTree = "<group>";
		};
		A914E026198B932500E01E39 /* AlertViewBlock */ = {
			isa = PBXGroup;
			children = (
				A914E027198B933D00E01E39 /* AlertViewBlock.h */,
				A914E028198B933D00E01E39 /* AlertViewBlock.m */,
			);
			path = AlertViewBlock;
			sourceTree = "<group>";
		};
		A914E02B198BA03D00E01E39 /* AlphaColorView */ = {
			isa = PBXGroup;
			children = (
				A914E02C198BA04B00E01E39 /* AlphaColorView.h */,
				A914E02D198BA04B00E01E39 /* AlphaColorView.m */,
			);
			path = AlphaColorView;
			sourceTree = "<group>";
		};
		A96547E6198B40F300F1A1DD = {
			isa = PBXGroup;
			children = (
				A96547F8198B40F300F1A1DD /* XXX-Workshop */,
				A96547F1198B40F300F1A1DD /* Frameworks */,
				A96547F0198B40F300F1A1DD /* Products */,
			);
			sourceTree = "<group>";
		};
		A96547F0198B40F300F1A1DD /* Products */ = {
			isa = PBXGroup;
			children = (
				A96547EF198B40F300F1A1DD /* XXX-Workshop.app */,
			);
			name = Products;
			sourceTree = "<group>";
		};
		A96547F1198B40F300F1A1DD /* Frameworks */ = {
			isa = PBXGroup;
			children = (
				A96547F2198B40F300F1A1DD /* Foundation.framework */,
				A96547F4198B40F300F1A1DD /* CoreGraphics.framework */,
				A96547F6198B40F300F1A1DD /* UIKit.framework */,
				A965480B198B40F300F1A1DD /* XCTest.framework */,
			);
			name = Frameworks;
			sourceTree = "<group>";
		};
		A96547F8198B40F300F1A1DD /* XXX-Workshop */ = {
			isa = PBXGroup;
			children = (
				A9654821198B42B300F1A1DD /* Classes */,
				A97D57F11991E26F00AD5C43 /* Lib3 */,
				A9654801198B40F300F1A1DD /* AppDelegate.h */,
				A9654802198B40F300F1A1DD /* AppDelegate.m */,
				A9654826198B431B00F1A1DD /* ViewController.h */,
				A9654827198B431B00F1A1DD /* ViewController.m */,
				A9654834198B444C00F1A1DD /* Storyboard.storyboard */,
				A9654804198B40F300F1A1DD /* Images.xcassets */,
				A912C3461990A9CE00390166 /* Resources */,
				A96547F9198B40F300F1A1DD /* Supporting Files */,
			);
			path = "XXX-Workshop";
			sourceTree = "<group>";
		};
		A96547F9198B40F300F1A1DD /* Supporting Files */ = {
			isa = PBXGroup;
			children = (
				A96547FA198B40F300F1A1DD /* XXX-Workshop-Info.plist */,
				A96547FB198B40F300F1A1DD /* InfoPlist.strings */,
				A96547FE198B40F300F1A1DD /* main.m */,
				A9654800198B40F300F1A1DD /* XXX-Workshop-Prefix.pch */,
			);
			name = "Supporting Files";
			sourceTree = "<group>";
		};
		A9654821198B42B300F1A1DD /* Classes */ = {
			isa = PBXGroup;
			children = (
				A97D57E21991D9A900AD5C43 /* Galleries */,
				A912C3421990A83700390166 /* Transform3D */,
				A912C3391990841100390166 /* PerspectivePageView */,
				A914E02B198BA03D00E01E39 /* AlphaColorView */,
				A914E026198B932500E01E39 /* AlertViewBlock */,
				A914E022198B92B200E01E39 /* KeyboardUtility */,
				A914E01E198B8B1600E01E39 /* LinearPartitionCollectionLayout */,
				A914E01A198B8AC900E01E39 /* Utility */,
				A914E016198B839F00E01E39 /* DLog */,
				A9654830198B439700F1A1DD /* NavigationController */,
				A9654822198B42B300F1A1DD /* LoadingView */,
			);
			path = Classes;
			sourceTree = "<group>";
		};
		A9654822198B42B300F1A1DD /* LoadingView */ = {
			isa = PBXGroup;
			children = (
				A9654823198B42CD00F1A1DD /* LoadingView.h */,
				A9654824198B42CD00F1A1DD /* LoadingView.m */,
				A965482B198B437500F1A1DD /* LoadingViewController.h */,
				A965482C198B437500F1A1DD /* LoadingViewController.m */,
			);
			path = LoadingView;
			sourceTree = "<group>";
		};
		A9654830198B439700F1A1DD /* NavigationController */ = {
			isa = PBXGroup;
			children = (
				A9654831198B43AA00F1A1DD /* NavigationViewController.h */,
				A9654832198B43AA00F1A1DD /* NavigationViewController.m */,
			);
			path = NavigationController;
			sourceTree = "<group>";
		};
		A96EBE231998692900DFFCEE /* AFNetworking */ = {
			isa = PBXGroup;
			children = (
				A96EBE241998692900DFFCEE /* AFHTTPRequestOperation.h */,
				A96EBE251998692900DFFCEE /* AFHTTPRequestOperation.m */,
				A96EBE261998692900DFFCEE /* AFHTTPRequestOperationManager.h */,
				A96EBE271998692900DFFCEE /* AFHTTPRequestOperationManager.m */,
				A96EBE281998692900DFFCEE /* AFHTTPSessionManager.h */,
				A96EBE291998692900DFFCEE /* AFHTTPSessionManager.m */,
				A96EBE2A1998692900DFFCEE /* AFNetworking.h */,
				A96EBE2B1998692900DFFCEE /* AFNetworkReachabilityManager.h */,
				A96EBE2C1998692900DFFCEE /* AFNetworkReachabilityManager.m */,
				A96EBE2D1998692900DFFCEE /* AFSecurityPolicy.h */,
				A96EBE2E1998692900DFFCEE /* AFSecurityPolicy.m */,
				A96EBE2F1998692900DFFCEE /* AFURLConnectionOperation.h */,
				A96EBE301998692900DFFCEE /* AFURLConnectionOperation.m */,
				A96EBE311998692900DFFCEE /* AFURLRequestSerialization.h */,
				A96EBE321998692900DFFCEE /* AFURLRequestSerialization.m */,
				A96EBE331998692900DFFCEE /* AFURLResponseSerialization.h */,
				A96EBE341998692900DFFCEE /* AFURLResponseSerialization.m */,
				A96EBE351998692900DFFCEE /* AFURLSessionManager.h */,
				A96EBE361998692900DFFCEE /* AFURLSessionManager.m */,
				A96EBE371998692900DFFCEE /* UIKit+AFNetworking */,
			);
			path = AFNetworking;
			sourceTree = "<group>";
		};
		A96EBE371998692900DFFCEE /* UIKit+AFNetworking */ = {
			isa = PBXGroup;
			children = (
				A96EBE381998692900DFFCEE /* AFNetworkActivityIndicatorManager.h */,
				A96EBE391998692900DFFCEE /* AFNetworkActivityIndicatorManager.m */,
				A96EBE3A1998692900DFFCEE /* UIActivityIndicatorView+AFNetworking.h */,
				A96EBE3B1998692900DFFCEE /* UIActivityIndicatorView+AFNetworking.m */,
				A96EBE3C1998692900DFFCEE /* UIAlertView+AFNetworking.h */,
				A96EBE3D1998692900DFFCEE /* UIAlertView+AFNetworking.m */,
				A96EBE3E1998692900DFFCEE /* UIButton+AFNetworking.h */,
				A96EBE3F1998692900DFFCEE /* UIButton+AFNetworking.m */,
				A96EBE401998692900DFFCEE /* UIImageView+AFNetworking.h */,
				A96EBE411998692900DFFCEE /* UIImageView+AFNetworking.m */,
				A96EBE421998692900DFFCEE /* UIKit+AFNetworking.h */,
				A96EBE431998692900DFFCEE /* UIProgressView+AFNetworking.h */,
				A96EBE441998692900DFFCEE /* UIProgressView+AFNetworking.m */,
				A96EBE451998692900DFFCEE /* UIRefreshControl+AFNetworking.h */,
				A96EBE461998692900DFFCEE /* UIRefreshControl+AFNetworking.m */,
				A96EBE471998692900DFFCEE /* UIWebView+AFNetworking.h */,
				A96EBE481998692900DFFCEE /* UIWebView+AFNetworking.m */,
			);
			path = "UIKit+AFNetworking";
			sourceTree = "<group>";
		};
		A97C020E19985C36006459C2 /* Images */ = {
			isa = PBXGroup;
			children = (
				A97C020F19985C36006459C2 /* 1.png */,
				A97C021019985C36006459C2 /* 12.png */,
				A97C021119985C36006459C2 /* 13.png */,
				A97C021219985C36006459C2 /* 15.png */,
				A97C021319985C36006459C2 /* 2.png */,
				A97C021419985C36006459C2 /* 21.png */,
				A97C021519985C36006459C2 /* 23.png */,
				A97C021619985C36006459C2 /* 3.png */,
				A97C021719985C36006459C2 /* 32.png */,
				A97C021819985C36006459C2 /* 34.png */,
				A97C021919985C36006459C2 /* 4.png */,
				A97C021A19985C36006459C2 /* 43.png */,
				A97C021B19985C36006459C2 /* 45.png */,
				A97C021C19985C36006459C2 /* 5.png */,
				A97C021D19985C36006459C2 /* 54.png */,
				A97C021E19985C36006459C2 /* 56.png */,
				A97C021F19985C36006459C2 /* 6.png */,
				A97C022019985C36006459C2 /* 64.png */,
				A97C022119985C36006459C2 /* 67.png */,
				A97C022219985C36006459C2 /* 7.png */,
				A97C022319985C36006459C2 /* 75.png */,
				A97C022419985C36006459C2 /* 76.png */,
				A97C022519985C36006459C2 /* 78.png */,
				A97C022619985C36006459C2 /* 8.png */,
				A97C022719985C36006459C2 /* 87.png */,
				A97C022819985C36006459C2 /* 89.png */,
				A97C022919985C36006459C2 /* 9.png */,
				A97C022A19985C36006459C2 /* 90.png */,
				A97C022B19985C36006459C2 /* 98.png */,
			);
			path = Images;
			sourceTree = "<group>";
		};
		A97D57D91991D1FC00AD5C43 /* Google */ = {
			isa = PBXGroup;
			children = (
				A97D57DA1991D1FC00AD5C43 /* SearchImage */,
			);
			path = Google;
			sourceTree = "<group>";
		};
		A97D57DA1991D1FC00AD5C43 /* SearchImage */ = {
			isa = PBXGroup;
			children = (
				A97D57DB1991D20A00AD5C43 /* GoogleSearchImage.h */,
				A97D57DC1991D20A00AD5C43 /* GoogleSearchImage.m */,
			);
			path = SearchImage;
			sourceTree = "<group>";
		};
		A97D57E21991D9A900AD5C43 /* Galleries */ = {
			isa = PBXGroup;
			children = (
				A97D57E71991D9CA00AD5C43 /* LinearPartitionGallery.h */,
				A97D57E81991D9CA00AD5C43 /* LinearPartitionGallery.m */,
				A97D57EE1991DB4500AD5C43 /* LinearPartitionGalleryViewController.h */,
				A97D57EF1991DB4500AD5C43 /* LinearPartitionGalleryViewController.m */,
			);
			path = Galleries;
			sourceTree = "<group>";
		};
		A97D57F11991E26F00AD5C43 /* Lib3 */ = {
			isa = PBXGroup;
			children = (
				A96EBE231998692900DFFCEE /* AFNetworking */,
				A97D57F21991E27900AD5C43 /* SDWebImage */,
			);
			path = Lib3;
			sourceTree = "<group>";
		};
		A97D57F21991E27900AD5C43 /* SDWebImage */ = {
			isa = PBXGroup;
			children = (
				A97D57F31991E27900AD5C43 /* MKAnnotationView+WebCache.h */,
				A97D57F41991E27900AD5C43 /* MKAnnotationView+WebCache.m */,
				A97D57F51991E27900AD5C43 /* NSData+ImageContentType.h */,
				A97D57F61991E27900AD5C43 /* NSData+ImageContentType.m */,
				A97D57F71991E27900AD5C43 /* SDImageCache.h */,
				A97D57F81991E27900AD5C43 /* SDImageCache.m */,
				A97D57F91991E27900AD5C43 /* SDWebImageCompat.h */,
				A97D57FA1991E27900AD5C43 /* SDWebImageCompat.m */,
				A97D57FB1991E27900AD5C43 /* SDWebImageDecoder.h */,
				A97D57FC1991E27900AD5C43 /* SDWebImageDecoder.m */,
				A97D57FD1991E27900AD5C43 /* SDWebImageDownloader.h */,
				A97D57FE1991E27900AD5C43 /* SDWebImageDownloader.m */,
				A97D57FF1991E27900AD5C43 /* SDWebImageDownloaderOperation.h */,
				A97D58001991E27900AD5C43 /* SDWebImageDownloaderOperation.m */,
				A97D58011991E27900AD5C43 /* SDWebImageManager.h */,
				A97D58021991E27900AD5C43 /* SDWebImageManager.m */,
				A97D58031991E27900AD5C43 /* SDWebImageOperation.h */,
				A97D58041991E27900AD5C43 /* SDWebImagePrefetcher.h */,
				A97D58051991E27900AD5C43 /* SDWebImagePrefetcher.m */,
				A97D58061991E27900AD5C43 /* UIButton+WebCache.h */,
				A97D58071991E27900AD5C43 /* UIButton+WebCache.m */,
				A97D58081991E27900AD5C43 /* UIImage+GIF.h */,
				A97D58091991E27900AD5C43 /* UIImage+GIF.m */,
				A97D580A1991E27900AD5C43 /* UIImage+MultiFormat.h */,
				A97D580B1991E27900AD5C43 /* UIImage+MultiFormat.m */,
				A97D580C1991E27900AD5C43 /* UIImage+WebP.h */,
				A97D580D1991E27900AD5C43 /* UIImage+WebP.m */,
				A97D580E1991E27900AD5C43 /* UIImageView+HighlightedWebCache.h */,
				A97D580F1991E27900AD5C43 /* UIImageView+HighlightedWebCache.m */,
				A97D58101991E27900AD5C43 /* UIImageView+WebCache.h */,
				A97D58111991E27900AD5C43 /* UIImageView+WebCache.m */,
				A97D58121991E27900AD5C43 /* UIView+WebCacheOperation.h */,
				A97D58131991E27900AD5C43 /* UIView+WebCacheOperation.m */,
			);
			path = SDWebImage;
			sourceTree = "<group>";
		};
/* End PBXGroup section */

/* Begin PBXNativeTarget section */
		A96547EE198B40F300F1A1DD /* XXX-Workshop */ = {
			isa = PBXNativeTarget;
			buildConfigurationList = A965481B198B40F300F1A1DD /* Build configuration list for PBXNativeTarget "XXX-Workshop" */;
			buildPhases = (
				A96547EB198B40F300F1A1DD /* Sources */,
				A96547EC198B40F300F1A1DD /* Frameworks */,
				A96547ED198B40F300F1A1DD /* Resources */,
			);
			buildRules = (
			);
			dependencies = (
			);
			name = "XXX-Workshop";
			productName = "XXX-Workshop";
			productReference = A96547EF198B40F300F1A1DD /* XXX-Workshop.app */;
			productType = "com.apple.product-type.application";
		};
/* End PBXNativeTarget section */

/* Begin PBXProject section */
		A96547E7198B40F300F1A1DD /* Project object */ = {
			isa = PBXProject;
			attributes = {
				LastUpgradeCheck = 0510;
				ORGANIZATIONNAME = XXX;
			};
			buildConfigurationList = A96547EA198B40F300F1A1DD /* Build configuration list for PBXProject "XXX-Workshop" */;
			compatibilityVersion = "Xcode 3.2";
			developmentRegion = English;
			hasScannedForEncodings = 0;
			knownRegions = (
				en,
			);
			mainGroup = A96547E6198B40F300F1A1DD;
			productRefGroup = A96547F0198B40F300F1A1DD /* Products */;
			projectDirPath = "";
			projectRoot = "";
			targets = (
				A96547EE198B40F300F1A1DD /* XXX-Workshop */,
			);
		};
/* End PBXProject section */

/* Begin PBXResourcesBuildPhase section */
		A96547ED198B40F300F1A1DD /* Resources */ = {
			isa = PBXResourcesBuildPhase;
			buildActionMask = 2147483647;
			files = (
				A97C024519985C36006459C2 /* 89.png in Resources */,
				A97C024119985C36006459C2 /* 76.png in Resources */,
				A97C024719985C36006459C2 /* 90.png in Resources */,
				A97C023C19985C36006459C2 /* 6.png in Resources */,
				A97C023B19985C36006459C2 /* 56.png in Resources */,
				A97C023719985C36006459C2 /* 43.png in Resources */,
				A97C023A19985C36006459C2 /* 54.png in Resources */,
				A97C023419985C36006459C2 /* 32.png in Resources */,
				A97C024019985C36006459C2 /* 75.png in Resources */,
				A97C023119985C36006459C2 /* 21.png in Resources */,
				A97C024619985C36006459C2 /* 9.png in Resources */,
				A97C023819985C36006459C2 /* 45.png in Resources */,
				A97C022D19985C36006459C2 /* 12.png in Resources */,
				A97C023619985C36006459C2 /* 4.png in Resources */,
				A912C3481990A9D700390166 /* bird.png in Resources */,
				A97C023319985C36006459C2 /* 3.png in Resources */,
				A96547FD198B40F300F1A1DD /* InfoPlist.strings in Resources */,
				A97C023219985C36006459C2 /* 23.png in Resources */,
				A9654805198B40F300F1A1DD /* Images.xcassets in Resources */,
				A97C023519985C36006459C2 /* 34.png in Resources */,
				A97C023F19985C36006459C2 /* 7.png in Resources */,
				A9654835198B444C00F1A1DD /* Storyboard.storyboard in Resources */,
				A97C022C19985C36006459C2 /* 1.png in Resources */,
				A97C024319985C36006459C2 /* 8.png in Resources */,
				A97C023019985C36006459C2 /* 2.png in Resources */,
				A97C024219985C36006459C2 /* 78.png in Resources */,
				A97C024819985C36006459C2 /* 98.png in Resources */,
				A97C023E19985C36006459C2 /* 67.png in Resources */,
				A97C023919985C36006459C2 /* 5.png in Resources */,
				A97C023D19985C36006459C2 /* 64.png in Resources */,
				A97C022E19985C36006459C2 /* 13.png in Resources */,
				A97C024419985C36006459C2 /* 87.png in Resources */,
				A97C022F19985C36006459C2 /* 15.png in Resources */,
			);
			runOnlyForDeploymentPostprocessing = 0;
		};
/* End PBXResourcesBuildPhase section */

/* Begin PBXSourcesBuildPhase section */
		A96547EB198B40F300F1A1DD /* Sources */ = {
			isa = PBXSourcesBuildPhase;
			buildActionMask = 2147483647;
			files = (
				A914E01D198B8AD500E01E39 /* Utility.m in Sources */,
				A97D581C1991E27900AD5C43 /* SDWebImagePrefetcher.m in Sources */,
				A9654803198B40F300F1A1DD /* AppDelegate.m in Sources */,
				A96EBE4F1998692900DFFCEE /* AFURLRequestSerialization.m in Sources */,
				A96EBE521998692900DFFCEE /* AFNetworkActivityIndicatorManager.m in Sources */,
				A97D58201991E27900AD5C43 /* UIImage+WebP.m in Sources */,
				A96EBE531998692900DFFCEE /* UIActivityIndicatorView+AFNetworking.m in Sources */,
				A96EBE571998692900DFFCEE /* UIProgressView+AFNetworking.m in Sources */,
				A97D58221991E27900AD5C43 /* UIImageView+WebCache.m in Sources */,
				A97D581A1991E27900AD5C43 /* SDWebImageDownloaderOperation.m in Sources */,
				A912C3401990845C00390166 /* PerspectivePageViewController.m in Sources */,
				A97D58211991E27900AD5C43 /* UIImageView+HighlightedWebCache.m in Sources */,
				A914E021198B8B2900E01E39 /* LinearPartitionCollectionLayout.m in Sources */,
				A97D58181991E27900AD5C43 /* SDWebImageDecoder.m in Sources */,
				A97D58151991E27900AD5C43 /* NSData+ImageContentType.m in Sources */,
				A97D57DD1991D20A00AD5C43 /* GoogleSearchImage.m in Sources */,
				A97D57F01991DB4500AD5C43 /* LinearPartitionGalleryViewController.m in Sources */,
				A97D58161991E27900AD5C43 /* SDImageCache.m in Sources */,
				A914E02E198BA04B00E01E39 /* AlphaColorView.m in Sources */,
				A9654825198B42CD00F1A1DD /* LoadingView.m in Sources */,
				A97D581B1991E27900AD5C43 /* SDWebImageManager.m in Sources */,
				A97D58231991E27900AD5C43 /* UIView+WebCacheOperation.m in Sources */,
				A96EBE581998692900DFFCEE /* UIRefreshControl+AFNetworking.m in Sources */,
				A9654833198B43AA00F1A1DD /* NavigationViewController.m in Sources */,
				A96EBE541998692900DFFCEE /* UIAlertView+AFNetworking.m in Sources */,
				A965482E198B437500F1A1DD /* LoadingViewController.m in Sources */,
				A96EBE551998692900DFFCEE /* UIButton+AFNetworking.m in Sources */,
				A97D58191991E27900AD5C43 /* SDWebImageDownloader.m in Sources */,
				A97D581E1991E27900AD5C43 /* UIImage+GIF.m in Sources */,
				A96EBE4D1998692900DFFCEE /* AFSecurityPolicy.m in Sources */,
				A96EBE511998692900DFFCEE /* AFURLSessionManager.m in Sources */,
				A9654829198B431B00F1A1DD /* ViewController.m in Sources */,
				A96EBE4E1998692900DFFCEE /* AFURLConnectionOperation.m in Sources */,
				A96547FF198B40F300F1A1DD /* main.m in Sources */,
				A96EBE4C1998692900DFFCEE /* AFNetworkReachabilityManager.m in Sources */,
				A97D58141991E27900AD5C43 /* MKAnnotationView+WebCache.m in Sources */,
				A912C33C1990844400390166 /* PerspectivePageView.m in Sources */,
				A96EBE4A1998692900DFFCEE /* AFHTTPRequestOperationManager.m in Sources */,
				A914E029198B933D00E01E39 /* AlertViewBlock.m in Sources */,
				A96EBE491998692900DFFCEE /* AFHTTPRequestOperation.m in Sources */,
				A97D581F1991E27900AD5C43 /* UIImage+MultiFormat.m in Sources */,
				A912C3451990A84600390166 /* Transform3DViewController.m in Sources */,
				A97D58171991E27900AD5C43 /* SDWebImageCompat.m in Sources */,
				A914E019198B83AC00E01E39 /* DLog.m in Sources */,
				A96EBE591998692900DFFCEE /* UIWebView+AFNetworking.m in Sources */,
				A97D57E91991D9CA00AD5C43 /* LinearPartitionGallery.m in Sources */,
				A96EBE561998692900DFFCEE /* UIImageView+AFNetworking.m in Sources */,
				A97D581D1991E27900AD5C43 /* UIButton+WebCache.m in Sources */,
				A96EBE4B1998692900DFFCEE /* AFHTTPSessionManager.m in Sources */,
				A96EBE501998692900DFFCEE /* AFURLResponseSerialization.m in Sources */,
				A914E025198B92B200E01E39 /* KeyboardUtility.m in Sources */,
			);
			runOnlyForDeploymentPostprocessing = 0;
		};
/* End PBXSourcesBuildPhase section */

/* Begin PBXVariantGroup section */
		A96547FB198B40F300F1A1DD /* InfoPlist.strings */ = {
			isa = PBXVariantGroup;
			children = (
				A96547FC198B40F300F1A1DD /* en */,
			);
			name = InfoPlist.strings;
			sourceTree = "<group>";
		};
/* End PBXVariantGroup section */

/* Begin XCBuildConfiguration section */
		A9654819198B40F300F1A1DD /* Debug */ = {
			isa = XCBuildConfiguration;
			buildSettings = {
				ALWAYS_SEARCH_USER_PATHS = NO;
				CLANG_CXX_LANGUAGE_STANDARD = "gnu++0x";
				CLANG_CXX_LIBRARY = "libc++";
				CLANG_ENABLE_MODULES = YES;
				CLANG_ENABLE_OBJC_ARC = YES;
				CLANG_WARN_BOOL_CONVERSION = YES;
				CLANG_WARN_CONSTANT_CONVERSION = YES;
				CLANG_WARN_DIRECT_OBJC_ISA_USAGE = YES_ERROR;
				CLANG_WARN_EMPTY_BODY = YES;
				CLANG_WARN_ENUM_CONVERSION = YES;
				CLANG_WARN_INT_CONVERSION = YES;
				CLANG_WARN_OBJC_ROOT_CLASS = YES_ERROR;
				CLANG_WARN__DUPLICATE_METHOD_MATCH = YES;
				"CODE_SIGN_IDENTITY[sdk=iphoneos*]" = "iPhone Developer";
				COPY_PHASE_STRIP = NO;
				GCC_C_LANGUAGE_STANDARD = gnu99;
				GCC_DYNAMIC_NO_PIC = NO;
				GCC_OPTIMIZATION_LEVEL = 0;
				GCC_PREPROCESSOR_DEFINITIONS = (
					"DEBUG=1",
					"$(inherited)",
				);
				GCC_SYMBOLS_PRIVATE_EXTERN = NO;
				GCC_WARN_64_TO_32_BIT_CONVERSION = YES;
				GCC_WARN_ABOUT_RETURN_TYPE = YES_ERROR;
				GCC_WARN_UNDECLARED_SELECTOR = YES;
				GCC_WARN_UNINITIALIZED_AUTOS = YES_AGGRESSIVE;
				GCC_WARN_UNUSED_FUNCTION = YES;
				GCC_WARN_UNUSED_VARIABLE = YES;
				IPHONEOS_DEPLOYMENT_TARGET = 6.0;
				ONLY_ACTIVE_ARCH = YES;
				SDKROOT = iphoneos;
				TARGETED_DEVICE_FAMILY = "1,2";
			};
			name = Debug;
		};
		A965481A198B40F300F1A1DD /* Release */ = {
			isa = XCBuildConfiguration;
			buildSettings = {
				ALWAYS_SEARCH_USER_PATHS = NO;
				CLANG_CXX_LANGUAGE_STANDARD = "gnu++0x";
				CLANG_CXX_LIBRARY = "libc++";
				CLANG_ENABLE_MODULES = YES;
				CLANG_ENABLE_OBJC_ARC = YES;
				CLANG_WARN_BOOL_CONVERSION = YES;
				CLANG_WARN_CONSTANT_CONVERSION = YES;
				CLANG_WARN_DIRECT_OBJC_ISA_USAGE = YES_ERROR;
				CLANG_WARN_EMPTY_BODY = YES;
				CLANG_WARN_ENUM_CONVERSION = YES;
				CLANG_WARN_INT_CONVERSION = YES;
				CLANG_WARN_OBJC_ROOT_CLASS = YES_ERROR;
				CLANG_WARN__DUPLICATE_METHOD_MATCH = YES;
				"CODE_SIGN_IDENTITY[sdk=iphoneos*]" = "iPhone Developer";
				COPY_PHASE_STRIP = YES;
				ENABLE_NS_ASSERTIONS = NO;
				GCC_C_LANGUAGE_STANDARD = gnu99;
				GCC_WARN_64_TO_32_BIT_CONVERSION = YES;
				GCC_WARN_ABOUT_RETURN_TYPE = YES_ERROR;
				GCC_WARN_UNDECLARED_SELECTOR = YES;
				GCC_WARN_UNINITIALIZED_AUTOS = YES_AGGRESSIVE;
				GCC_WARN_UNUSED_FUNCTION = YES;
				GCC_WARN_UNUSED_VARIABLE = YES;
				IPHONEOS_DEPLOYMENT_TARGET = 6.0;
				SDKROOT = iphoneos;
				TARGETED_DEVICE_FAMILY = "1,2";
				VALIDATE_PRODUCT = YES;
			};
			name = Release;
		};
		A965481C198B40F300F1A1DD /* Debug */ = {
			isa = XCBuildConfiguration;
			buildSettings = {
				ASSETCATALOG_COMPILER_APPICON_NAME = AppIcon;
				ASSETCATALOG_COMPILER_LAUNCHIMAGE_NAME = LaunchImage;
				GCC_PRECOMPILE_PREFIX_HEADER = YES;
				GCC_PREFIX_HEADER = "XXX-Workshop/XXX-Workshop-Prefix.pch";
				INFOPLIST_FILE = "XXX-Workshop/XXX-Workshop-Info.plist";
				PRODUCT_NAME = "$(TARGET_NAME)";
				TARGETED_DEVICE_FAMILY = 1;
				WRAPPER_EXTENSION = app;
			};
			name = Debug;
		};
		A965481D198B40F300F1A1DD /* Release */ = {
			isa = XCBuildConfiguration;
			buildSettings = {
				ASSETCATALOG_COMPILER_APPICON_NAME = AppIcon;
				ASSETCATALOG_COMPILER_LAUNCHIMAGE_NAME = LaunchImage;
				GCC_PRECOMPILE_PREFIX_HEADER = YES;
				GCC_PREFIX_HEADER = "XXX-Workshop/XXX-Workshop-Prefix.pch";
				INFOPLIST_FILE = "XXX-Workshop/XXX-Workshop-Info.plist";
				PRODUCT_NAME = "$(TARGET_NAME)";
				TARGETED_DEVICE_FAMILY = 1;
				WRAPPER_EXTENSION = app;
			};
			name = Release;
		};
/* End XCBuildConfiguration section */

/* Begin XCConfigurationList section */
		A96547EA198B40F300F1A1DD /* Build configuration list for PBXProject "XXX-Workshop" */ = {
			isa = XCConfigurationList;
			buildConfigurations = (
				A9654819198B40F300F1A1DD /* Debug */,
				A965481A198B40F300F1A1DD /* Release */,
			);
			defaultConfigurationIsVisible = 0;
			defaultConfigurationName = Release;
		};
		A965481B198B40F300F1A1DD /* Build configuration list for PBXNativeTarget "XXX-Workshop" */ = {
			isa = XCConfigurationList;
			buildConfigurations = (
				A965481C198B40F300F1A1DD /* Debug */,
				A965481D198B40F300F1A1DD /* Release */,
			);
			defaultConfigurationIsVisible = 0;
			defaultConfigurationName = Release;
		};
/* End XCConfigurationList section */
	};
	rootObject = A96547E7198B40F300F1A1DD /* Project object */;
}
